// !$*UTF8*$!
{
	archiveVersion = 1;
	classes = {
	};
	objectVersion = 50;
	objects = {

/* Begin PBXBuildFile section */
		A1FF8473233D03F800DCE73E /* AppDelegate.swift in Sources */ = {isa = PBXBuildFile; fileRef = A1FF8472233D03F800DCE73E /* AppDelegate.swift */; };
		A1FF8475233D03F800DCE73E /* ContentView.swift in Sources */ = {isa = PBXBuildFile; fileRef = A1FF8474233D03F800DCE73E /* ContentView.swift */; };
		A1FF8477233D03FA00DCE73E /* Assets.xcassets in Resources */ = {isa = PBXBuildFile; fileRef = A1FF8476233D03FA00DCE73E /* Assets.xcassets */; };
		A1FF847A233D03FA00DCE73E /* Preview Assets.xcassets in Resources */ = {isa = PBXBuildFile; fileRef = A1FF8479233D03FA00DCE73E /* Preview Assets.xcassets */; };
		A1FF847D233D03FA00DCE73E /* Main.storyboard in Resources */ = {isa = PBXBuildFile; fileRef = A1FF847B233D03FA00DCE73E /* Main.storyboard */; };
		A1FF8486233D043900DCE73E /* CustomTextView.swift in Sources */ = {isa = PBXBuildFile; fileRef = A1FF8485233D043900DCE73E /* CustomTextView.swift */; };
		A1FF848A233D092E00DCE73E /* CustomTextContainer.m in Sources */ = {isa = PBXBuildFile; fileRef = A1FF8489233D092E00DCE73E /* CustomTextContainer.m */; };
/* End PBXBuildFile section */

/* Begin PBXFileReference section */
		A1FF846F233D03F800DCE73E /* NGTextViewCustomBackgroundDrawingExample.app */ = {isa = PBXFileReference; explicitFileType = wrapper.application; includeInIndex = 0; path = NGTextViewCustomBackgroundDrawingExample.app; sourceTree = BUILT_PRODUCTS_DIR; };
		A1FF8472233D03F800DCE73E /* AppDelegate.swift */ = {isa = PBXFileReference; lastKnownFileType = sourcecode.swift; path = AppDelegate.swift; sourceTree = "<group>"; };
		A1FF8474233D03F800DCE73E /* ContentView.swift */ = {isa = PBXFileReference; lastKnownFileType = sourcecode.swift; path = ContentView.swift; sourceTree = "<group>"; };
		A1FF8476233D03FA00DCE73E /* Assets.xcassets */ = {isa = PBXFileReference; lastKnownFileType = folder.assetcatalog; path = Assets.xcassets; sourceTree = "<group>"; };
		A1FF8479233D03FA00DCE73E /* Preview Assets.xcassets */ = {isa = PBXFileReference; lastKnownFileType = folder.assetcatalog; path = "Preview Assets.xcassets"; sourceTree = "<group>"; };
		A1FF847C233D03FA00DCE73E /* Base */ = {isa = PBXFileReference; lastKnownFileType = file.storyboard; name = Base; path = Base.lproj/Main.storyboard; sourceTree = "<group>"; };
		A1FF847E233D03FA00DCE73E /* Info.plist */ = {isa = PBXFileReference; lastKnownFileType = text.plist.xml; path = Info.plist; sourceTree = "<group>"; };
		A1FF847F233D03FA00DCE73E /* NGTextViewCustomBackgroundDrawingExample.entitlements */ = {isa = PBXFileReference; lastKnownFileType = text.plist.entitlements; path = NGTextViewCustomBackgroundDrawingExample.entitlements; sourceTree = "<group>"; };
		A1FF8485233D043900DCE73E /* CustomTextView.swift */ = {isa = PBXFileReference; lastKnownFileType = sourcecode.swift; path = CustomTextView.swift; sourceTree = "<group>"; };
		A1FF8487233D092E00DCE73E /* NGTextViewCustomBackgroundDrawingExample-Bridging-Header.h */ = {isa = PBXFileReference; lastKnownFileType = sourcecode.c.h; path = "NGTextViewCustomBackgroundDrawingExample-Bridging-Header.h"; sourceTree = "<group>"; };
		A1FF8488233D092E00DCE73E /* CustomTextContainer.h */ = {isa = PBXFileReference; lastKnownFileType = sourcecode.c.h; path = CustomTextContainer.h; sourceTree = "<group>"; };
		A1FF8489233D092E00DCE73E /* CustomTextContainer.m */ = {isa = PBXFileReference; lastKnownFileType = sourcecode.c.objc; path = CustomTextContainer.m; sourceTree = "<group>"; };
/* End PBXFileReference section */

/* Begin PBXFrameworksBuildPhase section */
		A1FF846C233D03F800DCE73E /* Frameworks */ = {
			isa = PBXFrameworksBuildPhase;
			buildActionMask = 2147483647;
			files = (
			);
			runOnlyForDeploymentPostprocessing = 0;
		};
/* End PBXFrameworksBuildPhase section */

/* Begin PBXGroup section */
		A1FF8466233D03F800DCE73E = {
			isa = PBXGroup;
			children = (
				A1FF8471233D03F800DCE73E /* NGTextViewCustomBackgroundDrawingExample */,
				A1FF8470233D03F800DCE73E /* Products */,
			);
			sourceTree = "<group>";
		};
		A1FF8470233D03F800DCE73E /* Products */ = {
			isa = PBXGroup;
			children = (
				A1FF846F233D03F800DCE73E /* NGTextViewCustomBackgroundDrawingExample.app */,
			);
			name = Products;
			sourceTree = "<group>";
		};
		A1FF8471233D03F800DCE73E /* NGTextViewCustomBackgroundDrawingExample */ = {
			isa = PBXGroup;
			children = (
				A1FF8472233D03F800DCE73E /* AppDelegate.swift */,
				A1FF8474233D03F800DCE73E /* ContentView.swift */,
				A1FF8476233D03FA00DCE73E /* Assets.xcassets */,
				A1FF847B233D03FA00DCE73E /* Main.storyboard */,
				A1FF847E233D03FA00DCE73E /* Info.plist */,
				A1FF847F233D03FA00DCE73E /* NGTextViewCustomBackgroundDrawingExample.entitlements */,
				A1FF8478233D03FA00DCE73E /* Preview Content */,
				A1FF8485233D043900DCE73E /* CustomTextView.swift */,
				A1FF8488233D092E00DCE73E /* CustomTextContainer.h */,
				A1FF8489233D092E00DCE73E /* CustomTextContainer.m */,
				A1FF8487233D092E00DCE73E /* NGTextViewCustomBackgroundDrawingExample-Bridging-Header.h */,
			);
			path = NGTextViewCustomBackgroundDrawingExample;
			sourceTree = "<group>";
		};
		A1FF8478233D03FA00DCE73E /* Preview Content */ = {
			isa = PBXGroup;
			children = (
				A1FF8479233D03FA00DCE73E /* Preview Assets.xcassets */,
			);
			path = "Preview Content";
			sourceTree = "<group>";
		};
/* End PBXGroup section */

/* Begin PBXNativeTarget section */
		A1FF846E233D03F800DCE73E /* NGTextViewCustomBackgroundDrawingExample */ = {
			isa = PBXNativeTarget;
			buildConfigurationList = A1FF8482233D03FA00DCE73E /* Build configuration list for PBXNativeTarget "NGTextViewCustomBackgroundDrawingExample" */;
			buildPhases = (
				A1FF846B233D03F800DCE73E /* Sources */,
				A1FF846C233D03F800DCE73E /* Frameworks */,
				A1FF846D233D03F800DCE73E /* Resources */,
			);
			buildRules = (
			);
			dependencies = (
			);
			name = NGTextViewCustomBackgroundDrawingExample;
			productName = NGTextViewCustomBackgroundDrawingExample;
			productReference = A1FF846F233D03F800DCE73E /* NGTextViewCustomBackgroundDrawingExample.app */;
			productType = "com.apple.product-type.application";
		};
/* End PBXNativeTarget section */

/* Begin PBXProject section */
		A1FF8467233D03F800DCE73E /* Project object */ = {
			isa = PBXProject;
			attributes = {
				LastSwiftUpdateCheck = 1100;
				LastUpgradeCheck = 1100;
				ORGANIZATIONNAME = "Noah Gilmore";
				TargetAttributes = {
					A1FF846E233D03F800DCE73E = {
						CreatedOnToolsVersion = 11.0;
						LastSwiftMigration = 1100;
					};
				};
			};
			buildConfigurationList = A1FF846A233D03F800DCE73E /* Build configuration list for PBXProject "NGTextViewCustomBackgroundDrawingExample" */;
			compatibilityVersion = "Xcode 9.3";
			developmentRegion = en;
			hasScannedForEncodings = 0;
			knownRegions = (
				en,
				Base,
			);
			mainGroup = A1FF8466233D03F800DCE73E;
			productRefGroup = A1FF8470233D03F800DCE73E /* Products */;
			projectDirPath = "";
			projectRoot = "";
			targets = (
				A1FF846E233D03F800DCE73E /* NGTextViewCustomBackgroundDrawingExample */,
			);
		};
/* End PBXProject section */

/* Begin PBXResourcesBuildPhase section */
		A1FF846D233D03F800DCE73E /* Resources */ = {
			isa = PBXResourcesBuildPhase;
			buildActionMask = 2147483647;
			files = (
				A1FF847D233D03FA00DCE73E /* Main.storyboard in Resources */,
				A1FF847A233D03FA00DCE73E /* Preview Assets.xcassets in Resources */,
				A1FF8477233D03FA00DCE73E /* Assets.xcassets in Resources */,
			);
			runOnlyForDeploymentPostprocessing = 0;
		};
/* End PBXResourcesBuildPhase section */

/* Begin PBXSourcesBuildPhase section */
		A1FF846B233D03F800DCE73E /* Sources */ = {
			isa = PBXSourcesBuildPhase;
			buildActionMask = 2147483647;
			files = (
				A1FF8475233D03F800DCE73E /* ContentView.swift in Sources */,
				A1FF8473233D03F800DCE73E /* AppDelegate.swift in Sources */,
				A1FF8486233D043900DCE73E /* CustomTextView.swift in Sources */,
				A1FF848A233D092E00DCE73E /* CustomTextContainer.m in Sources */,
			);
			runOnlyForDeploymentPostprocessing = 0;
		};
/* End PBXSourcesBuildPhase section */

/* Begin PBXVariantGroup section */
		A1FF847B233D03FA00DCE73E /* Main.storyboard */ = {
			isa = PBXVariantGroup;
			children = (
				A1FF847C233D03FA00DCE73E /* Base */,
			);
			name = Main.storyboard;
			sourceTree = "<group>";
		};
/* End PBXVariantGroup section */

/* Begin XCBuildConfiguration section */
		A1FF8480233D03FA00DCE73E /* Debug */ = {
			isa = XCBuildConfiguration;
			buildSettings = {
				ALWAYS_SEARCH_USER_PATHS = NO;
				CLANG_ANALYZER_NONNULL = YES;
				CLANG_ANALYZER_NUMBER_OBJECT_CONVERSION = YES_AGGRESSIVE;
				CLANG_CXX_LANGUAGE_STANDARD = "gnu++14";
				CLANG_CXX_LIBRARY = "libc++";
				CLANG_ENABLE_MODULES = YES;
				CLANG_ENABLE_OBJC_ARC = YES;
				CLANG_ENABLE_OBJC_WEAK = YES;
				CLANG_WARN_BLOCK_CAPTURE_AUTORELEASING = YES;
				CLANG_WARN_BOOL_CONVERSION = YES;
				CLANG_WARN_COMMA = YES;
				CLANG_WARN_CONSTANT_CONVERSION = YES;
				CLANG_WARN_DEPRECATED_OBJC_IMPLEMENTATIONS = YES;
				CLANG_WARN_DIRECT_OBJC_ISA_USAGE = YES_ERROR;
				CLANG_WARN_DOCUMENTATION_COMMENTS = YES;
				CLANG_WARN_EMPTY_BODY = YES;
				CLANG_WARN_ENUM_CONVERSION = YES;
				CLANG_WARN_INFINITE_RECURSION = YES;
				CLANG_WARN_INT_CONVERSION = YES;
				CLANG_WARN_NON_LITERAL_NULL_CONVERSION = YES;
				CLANG_WARN_OBJC_IMPLICIT_RETAIN_SELF = YES;
				CLANG_WARN_OBJC_LITERAL_CONVERSION = YES;
				CLANG_WARN_OBJC_ROOT_CLASS = YES_ERROR;
				CLANG_WARN_RANGE_LOOP_ANALYSIS = YES;
				CLANG_WARN_STRICT_PROTOTYPES = YES;
				CLANG_WARN_SUSPICIOUS_MOVE = YES;
				CLANG_WARN_UNGUARDED_AVAILABILITY = YES_AGGRESSIVE;
				CLANG_WARN_UNREACHABLE_CODE = YES;
				CLANG_WARN__DUPLICATE_METHOD_MATCH = YES;
				COPY_PHASE_STRIP = NO;
				DEBUG_INFORMATION_FORMAT = dwarf;
				ENABLE_STRICT_OBJC_MSGSEND = YES;
				ENABLE_TESTABILITY = YES;
				GCC_C_LANGUAGE_STANDARD = gnu11;
				GCC_DYNAMIC_NO_PIC = NO;
				GCC_NO_COMMON_BLOCKS = YES;
				GCC_OPTIMIZATION_LEVEL = 0;
				GCC_PREPROCESSOR_DEFINITIONS = (
					"DEBUG=1",
					"$(inherited)",
				);
				GCC_WARN_64_TO_32_BIT_CONVERSION = YES;
				GCC_WARN_ABOUT_RETURN_TYPE = YES_ERROR;
				GCC_WARN_UNDECLARED_SELECTOR = YES;
				GCC_WARN_UNINITIALIZED_AUTOS = YES_AGGRESSIVE;
				GCC_WARN_UNUSED_FUNCTION = YES;
				GCC_WARN_UNUSED_VARIABLE = YES;
				MACOSX_DEPLOYMENT_TARGET = 10.15;
				MTL_ENABLE_DEBUG_INFO = INCLUDE_SOURCE;
				MTL_FAST_MATH = YES;
				ONLY_ACTIVE_ARCH = YES;
				SDKROOT = macosx;
				SWIFT_ACTIVE_COMPILATION_CONDITIONS = DEBUG;
				SWIFT_OPTIMIZATION_LEVEL = "-Onone";
			};
			name = Debug;
		};
		A1FF8481233D03FA00DCE73E /* Release */ = {
			isa = XCBuildConfiguration;
			buildSettings = {
				ALWAYS_SEARCH_USER_PATHS = NO;
				CLANG_ANALYZER_NONNULL = YES;
				CLANG_ANALYZER_NUMBER_OBJECT_CONVERSION = YES_AGGRESSIVE;
				CLANG_CXX_LANGUAGE_STANDARD = "gnu++14";
				CLANG_CXX_LIBRARY = "libc++";
				CLANG_ENABLE_MODULES = YES;
				CLANG_ENABLE_OBJC_ARC = YES;
				CLANG_ENABLE_OBJC_WEAK = YES;
				CLANG_WARN_BLOCK_CAPTURE_AUTORELEASING = YES;
				CLANG_WARN_BOOL_CONVERSION = YES;
				CLANG_WARN_COMMA = YES;
				CLANG_WARN_CONSTANT_CONVERSION = YES;
				CLANG_WARN_DEPRECATED_OBJC_IMPLEMENTATIONS = YES;
				CLANG_WARN_DIRECT_OBJC_ISA_USAGE = YES_ERROR;
				CLANG_WARN_DOCUMENTATION_COMMENTS = YES;
				CLANG_WARN_EMPTY_BODY = YES;
				CLANG_WARN_ENUM_CONVERSION = YES;
				CLANG_WARN_INFINITE_RECURSION = YES;
				CLANG_WARN_INT_CONVERSION = YES;
				CLANG_WARN_NON_LITERAL_NULL_CONVERSION = YES;
				CLANG_WARN_OBJC_IMPLICIT_RETAIN_SELF = YES;
				CLANG_WARN_OBJC_LITERAL_CONVERSION = YES;
				CLANG_WARN_OBJC_ROOT_CLASS = YES_ERROR;
				CLANG_WARN_RANGE_LOOP_ANALYSIS = YES;
				CLANG_WARN_STRICT_PROTOTYPES = YES;
				CLANG_WARN_SUSPICIOUS_MOVE = YES;
				CLANG_WARN_UNGUARDED_AVAILABILITY = YES_AGGRESSIVE;
				CLANG_WARN_UNREACHABLE_CODE = YES;
				CLANG_WARN__DUPLICATE_METHOD_MATCH = YES;
				COPY_PHASE_STRIP = NO;
				DEBUG_INFORMATION_FORMAT = "dwarf-with-dsym";
				ENABLE_NS_ASSERTIONS = NO;
				ENABLE_STRICT_OBJC_MSGSEND = YES;
				GCC_C_LANGUAGE_STANDARD = gnu11;
				GCC_NO_COMMON_BLOCKS = YES;
				GCC_WARN_64_TO_32_BIT_CONVERSION = YES;
				GCC_WARN_ABOUT_RETURN_TYPE = YES_ERROR;
				GCC_WARN_UNDECLARED_SELECTOR = YES;
				GCC_WARN_UNINITIALIZED_AUTOS = YES_AGGRESSIVE;
				GCC_WARN_UNUSED_FUNCTION = YES;
				GCC_WARN_UNUSED_VARIABLE = YES;
				MACOSX_DEPLOYMENT_TARGET = 10.15;
				MTL_ENABLE_DEBUG_INFO = NO;
				MTL_FAST_MATH = YES;
				SDKROOT = macosx;
				SWIFT_COMPILATION_MODE = wholemodule;
				SWIFT_OPTIMIZATION_LEVEL = "-O";
			};
			name = Release;
		};
		A1FF8483233D03FA00DCE73E /* Debug */ = {
			isa = XCBuildConfiguration;
			buildSettings = {
				ASSETCATALOG_COMPILER_APPICON_NAME = AppIcon;
				CLANG_ENABLE_MODULES = YES;
				CODE_SIGN_ENTITLEMENTS = NGTextViewCustomBackgroundDrawingExample/NGTextViewCustomBackgroundDrawingExample.entitlements;
				CODE_SIGN_STYLE = Automatic;
				COMBINE_HIDPI_IMAGES = YES;
				DEVELOPMENT_ASSET_PATHS = "\"NGTextViewCustomBackgroundDrawingExample/Preview Content\"";
				DEVELOPMENT_TEAM = 29P3YRFLV5;
				ENABLE_HARDENED_RUNTIME = YES;
				ENABLE_PREVIEWS = YES;
				INFOPLIST_FILE = NGTextViewCustomBackgroundDrawingExample/Info.plist;
				LD_RUNPATH_SEARCH_PATHS = (
					"$(inherited)",
					"@executable_path/../Frameworks",
				);
				MACOSX_DEPLOYMENT_TARGET = 10.15;
				PRODUCT_BUNDLE_IDENTIFIER = com.noahgilmore.NGTextViewCustomBackgroundDrawingExample;
				PRODUCT_NAME = "$(TARGET_NAME)";
				SWIFT_OBJC_BRIDGING_HEADER = "NGTextViewCustomBackgroundDrawingExample/NGTextViewCustomBackgroundDrawingExample-Bridging-Header.h";
				SWIFT_OPTIMIZATION_LEVEL = "-Onone";
				SWIFT_VERSION = 5.0;
			};
			name = Debug;
		};
		A1FF8484233D03FA00DCE73E /* Release */ = {
			isa = XCBuildConfiguration;
			buildSettings = {
				ASSETCATALOG_COMPILER_APPICON_NAME = AppIcon;
				CLANG_ENABLE_MODULES = YES;
				CODE_SIGN_ENTITLEMENTS = NGTextViewCustomBackgroundDrawingExample/NGTextViewCustomBackgroundDrawingExample.entitlements;
				CODE_SIGN_STYLE = Automatic;
				COMBINE_HIDPI_IMAGES = YES;
				DEVELOPMENT_ASSET_PATHS = "\"NGTextViewCustomBackgroundDrawingExample/Preview Content\"";
				DEVELOPMENT_TEAM = 29P3YRFLV5;
				ENABLE_HARDENED_RUNTIME = YES;
				ENABLE_PREVIEWS = YES;
				INFOPLIST_FILE = NGTextViewCustomBackgroundDrawingExample/Info.plist;
				LD_RUNPATH_SEARCH_PATHS = (
					"$(inherited)",
					"@executable_path/../Frameworks",
				);
				MACOSX_DEPLOYMENT_TARGET = 10.15;
				PRODUCT_BUNDLE_IDENTIFIER = com.noahgilmore.NGTextViewCustomBackgroundDrawingExample;
				PRODUCT_NAME = "$(TARGET_NAME)";
				SWIFT_OBJC_BRIDGING_HEADER = "NGTextViewCustomBackgroundDrawingExample/NGTextViewCustomBackgroundDrawingExample-Bridging-Header.h";
				SWIFT_VERSION = 5.0;
			};
			name = Release;
		};
/* End XCBuildConfiguration section */

/* Begin XCConfigurationList section */
		A1FF846A233D03F800DCE73E /* Build configuration list for PBXProject "NGTextViewCustomBackgroundDrawingExample" */ = {
			isa = XCConfigurationList;
			buildConfigurations = (
				A1FF8480233D03FA00DCE73E /* Debug */,
				A1FF8481233D03FA00DCE73E /* Release */,
			);
			defaultConfigurationIsVisible = 0;
			defaultConfigurationName = Release;
		};
		A1FF8482233D03FA00DCE73E /* Build configuration list for PBXNativeTarget "NGTextViewCustomBackgroundDrawingExample" */ = {
			isa = XCConfigurationList;
			buildConfigurations = (
				A1FF8483233D03FA00DCE73E /* Debug */,
				A1FF8484233D03FA00DCE73E /* Release */,
			);
			defaultConfigurationIsVisible = 0;
			defaultConfigurationName = Release;
		};
/* End XCConfigurationList section */
	};
	rootObject = A1FF8467233D03F800DCE73E /* Project object */;
}
